
Microsoft Visual Studio Solution File, Format Version 12.00
# Visual Studio 2013
VisualStudioVersion = 12.0.21005.1
MinimumVisualStudioVersion = 10.0.40219.1
Project("{FAE04EC0-301F-11D3-BF4B-00C04F79EFBC}") = "Problem01.HTMLTables", "Problem01.HTMLTables\Problem01.HTMLTables.csproj", "{8D2D1702-8603-40A4-BF78-C2EF5D01D389}"
EndProject
Project("{FAE04EC0-301F-11D3-BF4B-00C04F79EFBC}") = "Problem02. HTMLForm", "Problem02. HTMLForm\Problem02. HTMLForm.csproj", "{F5119D47-D335-49BF-89A0-2BEE3651DE01}"
EndProject
Project("{FAE04EC0-301F-11D3-BF4B-00C04F79EFBC}") = "Problem03. Calculator", "Problem03. Calculator\Problem03. Calculator.csproj", "{2B97092F-B48D-476C-9518-4CCD96227EA7}"
EndProject
Global
	GlobalSection(SolutionConfigurationPlatforms) = preSolution
		Debug|Any CPU = Debug|Any CPU
		Release|Any CPU = Release|Any CPU
	EndGlobalSection
	GlobalSection(ProjectConfigurationPlatforms) = postSolution
		{8D2D1702-8603-40A4-BF78-C2EF5D01D389}.Debug|Any CPU.ActiveCfg = Debug|Any CPU
		{8D2D1702-8603-40A4-BF78-C2EF5D01D389}.Debug|Any CPU.Build.0 = Debug|Any CPU
		{8D2D1702-8603-40A4-BF78-C2EF5D01D389}.Release|Any CPU.ActiveCfg = Release|Any CPU
		{8D2D1702-8603-40A4-BF78-C2EF5D01D389}.Release|Any CPU.Build.0 = Release|Any CPU
		{F5119D47-D335-49BF-89A0-2BEE3651DE01}.Debug|Any CPU.ActiveCfg = Debug|Any CPU
		{F5119D47-D335-49BF-89A0-2BEE3651DE01}.Debug|Any CPU.Build.0 = Debug|Any CPU
		{F5119D47-D335-49BF-89A0-2BEE3651DE01}.Release|Any CPU.ActiveCfg = Release|Any CPU
		{F5119D47-D335-49BF-89A0-2BEE3651DE01}.Release|Any CPU.Build.0 = Release|Any CPU
		{2B97092F-B48D-476C-9518-4CCD96227EA7}.Debug|Any CPU.ActiveCfg = Debug|Any CPU
		{2B97092F-B48D-476C-9518-4CCD96227EA7}.Debug|Any CPU.Build.0 = Debug|Any CPU
		{2B97092F-B48D-476C-9518-4CCD96227EA7}.Release|Any CPU.ActiveCfg = Release|Any CPU
		{2B97092F-B48D-476C-9518-4CCD96227EA7}.Release|Any CPU.Build.0 = Release|Any CPU
	EndGlobalSection
	GlobalSection(SolutionProperties) = preSolution
		HideSolutionNode = FALSE
	EndGlobalSection
EndGlobal
