
Microsoft Visual Studio Solution File, Format Version 12.00
# Visual Studio 2013
VisualStudioVersion = 12.0.21005.1
MinimumVisualStudioVersion = 10.0.40219.1
Project("{FAE04EC0-301F-11D3-BF4B-00C04F79EFBC}") = "Problem01. RunnersHomePage", "Problem01. RunnersHomePage\Problem01. RunnersHomePage.csproj", "{6CDD95F0-1D86-4FD5-8A75-991F81F60F6A}"
EndProject
Project("{FAE04EC0-301F-11D3-BF4B-00C04F79EFBC}") = "Problem02. NestedLists", "Problem02. NestedLists\Problem02. NestedLists.csproj", "{BD5BDA4B-143D-4E9F-A3C0-FE3126A3F1A5}"
EndProject
Project("{FAE04EC0-301F-11D3-BF4B-00C04F79EFBC}") = "Problem03. SocialSite", "Problem03. SocialSite\Problem03. SocialSite.csproj", "{1450A238-2838-46B2-9984-AB82A00410A2}"
EndProject
Global
	GlobalSection(SolutionConfigurationPlatforms) = preSolution
		Debug|Any CPU = Debug|Any CPU
		Release|Any CPU = Release|Any CPU
	EndGlobalSection
	GlobalSection(ProjectConfigurationPlatforms) = postSolution
		{6CDD95F0-1D86-4FD5-8A75-991F81F60F6A}.Debug|Any CPU.ActiveCfg = Debug|Any CPU
		{6CDD95F0-1D86-4FD5-8A75-991F81F60F6A}.Debug|Any CPU.Build.0 = Debug|Any CPU
		{6CDD95F0-1D86-4FD5-8A75-991F81F60F6A}.Release|Any CPU.ActiveCfg = Release|Any CPU
		{6CDD95F0-1D86-4FD5-8A75-991F81F60F6A}.Release|Any CPU.Build.0 = Release|Any CPU
		{BD5BDA4B-143D-4E9F-A3C0-FE3126A3F1A5}.Debug|Any CPU.ActiveCfg = Debug|Any CPU
		{BD5BDA4B-143D-4E9F-A3C0-FE3126A3F1A5}.Debug|Any CPU.Build.0 = Debug|Any CPU
		{BD5BDA4B-143D-4E9F-A3C0-FE3126A3F1A5}.Release|Any CPU.ActiveCfg = Release|Any CPU
		{BD5BDA4B-143D-4E9F-A3C0-FE3126A3F1A5}.Release|Any CPU.Build.0 = Release|Any CPU
		{1450A238-2838-46B2-9984-AB82A00410A2}.Debug|Any CPU.ActiveCfg = Debug|Any CPU
		{1450A238-2838-46B2-9984-AB82A00410A2}.Debug|Any CPU.Build.0 = Debug|Any CPU
		{1450A238-2838-46B2-9984-AB82A00410A2}.Release|Any CPU.ActiveCfg = Release|Any CPU
		{1450A238-2838-46B2-9984-AB82A00410A2}.Release|Any CPU.Build.0 = Release|Any CPU
	EndGlobalSection
	GlobalSection(SolutionProperties) = preSolution
		HideSolutionNode = FALSE
	EndGlobalSection
EndGlobal
